
Microsoft Visual Studio Solution File, Format Version 12.00
# Visual Studio 15
VisualStudioVersion = 15.0.27428.2011
MinimumVisualStudioVersion = 10.0.40219.1
Project("{FAE04EC0-301F-11D3-BF4B-00C04F79EFBC}") = "DistributionDemo", "DistributionDemo\DistributionDemo\DistributionDemo.csproj", "{1653705E-BE72-440B-9006-52444B13CF96}"
EndProject
Project("{FAE04EC0-301F-11D3-BF4B-00C04F79EFBC}") = "DistributionDemo.Android", "DistributionDemo\DistributionDemo.Android\DistributionDemo.Android.csproj", "{742547B1-883A-4BBC-A9B7-01C895F8C09E}"
EndProject
Project("{FAE04EC0-301F-11D3-BF4B-00C04F79EFBC}") = "DistributionDemo.iOS", "DistributionDemo\DistributionDemo.iOS\DistributionDemo.iOS.csproj", "{751EE44A-E3A7-4AA9-BF2B-984CD599356B}"
EndProject
Global
	GlobalSection(SolutionConfigurationPlatforms) = preSolution
		Ad-Hoc|Any CPU = Ad-Hoc|Any CPU
		Ad-Hoc|iPhone = Ad-Hoc|iPhone
		Ad-Hoc|iPhoneSimulator = Ad-Hoc|iPhoneSimulator
		AppStore|Any CPU = AppStore|Any CPU
		AppStore|iPhone = AppStore|iPhone
		AppStore|iPhoneSimulator = AppStore|iPhoneSimulator
		Debug|Any CPU = Debug|Any CPU
		Debug|iPhone = Debug|iPhone
		Debug|iPhoneSimulator = Debug|iPhoneSimulator
		Release|Any CPU = Release|Any CPU
		Release|iPhone = Release|iPhone
		Release|iPhoneSimulator = Release|iPhoneSimulator
	EndGlobalSection
	GlobalSection(ProjectConfigurationPlatforms) = postSolution
		{1653705E-BE72-440B-9006-52444B13CF96}.Ad-Hoc|Any CPU.ActiveCfg = Debug|Any CPU
		{1653705E-BE72-440B-9006-52444B13CF96}.Ad-Hoc|Any CPU.Build.0 = Debug|Any CPU
		{1653705E-BE72-440B-9006-52444B13CF96}.Ad-Hoc|iPhone.ActiveCfg = Debug|Any CPU
		{1653705E-BE72-440B-9006-52444B13CF96}.Ad-Hoc|iPhone.Build.0 = Debug|Any CPU
		{1653705E-BE72-440B-9006-52444B13CF96}.Ad-Hoc|iPhoneSimulator.ActiveCfg = Debug|Any CPU
		{1653705E-BE72-440B-9006-52444B13CF96}.Ad-Hoc|iPhoneSimulator.Build.0 = Debug|Any CPU
		{1653705E-BE72-440B-9006-52444B13CF96}.AppStore|Any CPU.ActiveCfg = Debug|Any CPU
		{1653705E-BE72-440B-9006-52444B13CF96}.AppStore|Any CPU.Build.0 = Debug|Any CPU
		{1653705E-BE72-440B-9006-52444B13CF96}.AppStore|iPhone.ActiveCfg = Debug|Any CPU
		{1653705E-BE72-440B-9006-52444B13CF96}.AppStore|iPhone.Build.0 = Debug|Any CPU
		{1653705E-BE72-440B-9006-52444B13CF96}.AppStore|iPhoneSimulator.ActiveCfg = Debug|Any CPU
		{1653705E-BE72-440B-9006-52444B13CF96}.AppStore|iPhoneSimulator.Build.0 = Debug|Any CPU
		{1653705E-BE72-440B-9006-52444B13CF96}.Debug|Any CPU.ActiveCfg = Debug|Any CPU
		{1653705E-BE72-440B-9006-52444B13CF96}.Debug|Any CPU.Build.0 = Debug|Any CPU
		{1653705E-BE72-440B-9006-52444B13CF96}.Debug|iPhone.ActiveCfg = Debug|Any CPU
		{1653705E-BE72-440B-9006-52444B13CF96}.Debug|iPhone.Build.0 = Debug|Any CPU
		{1653705E-BE72-440B-9006-52444B13CF96}.Debug|iPhoneSimulator.ActiveCfg = Debug|Any CPU
		{1653705E-BE72-440B-9006-52444B13CF96}.Debug|iPhoneSimulator.Build.0 = Debug|Any CPU
		{1653705E-BE72-440B-9006-52444B13CF96}.Release|Any CPU.ActiveCfg = Release|Any CPU
		{1653705E-BE72-440B-9006-52444B13CF96}.Release|Any CPU.Build.0 = Release|Any CPU
		{1653705E-BE72-440B-9006-52444B13CF96}.Release|iPhone.ActiveCfg = Release|Any CPU
		{1653705E-BE72-440B-9006-52444B13CF96}.Release|iPhone.Build.0 = Release|Any CPU
		{1653705E-BE72-440B-9006-52444B13CF96}.Release|iPhoneSimulator.ActiveCfg = Release|Any CPU
		{1653705E-BE72-440B-9006-52444B13CF96}.Release|iPhoneSimulator.Build.0 = Release|Any CPU
		{742547B1-883A-4BBC-A9B7-01C895F8C09E}.Ad-Hoc|Any CPU.ActiveCfg = Release|Any CPU
		{742547B1-883A-4BBC-A9B7-01C895F8C09E}.Ad-Hoc|Any CPU.Build.0 = Release|Any CPU
		{742547B1-883A-4BBC-A9B7-01C895F8C09E}.Ad-Hoc|Any CPU.Deploy.0 = Release|Any CPU
		{742547B1-883A-4BBC-A9B7-01C895F8C09E}.Ad-Hoc|iPhone.ActiveCfg = Release|Any CPU
		{742547B1-883A-4BBC-A9B7-01C895F8C09E}.Ad-Hoc|iPhone.Build.0 = Release|Any CPU
		{742547B1-883A-4BBC-A9B7-01C895F8C09E}.Ad-Hoc|iPhone.Deploy.0 = Release|Any CPU
		{742547B1-883A-4BBC-A9B7-01C895F8C09E}.Ad-Hoc|iPhoneSimulator.ActiveCfg = Release|Any CPU
		{742547B1-883A-4BBC-A9B7-01C895F8C09E}.Ad-Hoc|iPhoneSimulator.Build.0 = Release|Any CPU
		{742547B1-883A-4BBC-A9B7-01C895F8C09E}.Ad-Hoc|iPhoneSimulator.Deploy.0 = Release|Any CPU
		{742547B1-883A-4BBC-A9B7-01C895F8C09E}.AppStore|Any CPU.ActiveCfg = Release|Any CPU
		{742547B1-883A-4BBC-A9B7-01C895F8C09E}.AppStore|Any CPU.Build.0 = Release|Any CPU
		{742547B1-883A-4BBC-A9B7-01C895F8C09E}.AppStore|Any CPU.Deploy.0 = Release|Any CPU
		{742547B1-883A-4BBC-A9B7-01C895F8C09E}.AppStore|iPhone.ActiveCfg = Release|Any CPU
		{742547B1-883A-4BBC-A9B7-01C895F8C09E}.AppStore|iPhone.Build.0 = Release|Any CPU
		{742547B1-883A-4BBC-A9B7-01C895F8C09E}.AppStore|iPhone.Deploy.0 = Release|Any CPU
		{742547B1-883A-4BBC-A9B7-01C895F8C09E}.AppStore|iPhoneSimulator.ActiveCfg = Release|Any CPU
		{742547B1-883A-4BBC-A9B7-01C895F8C09E}.AppStore|iPhoneSimulator.Build.0 = Release|Any CPU
		{742547B1-883A-4BBC-A9B7-01C895F8C09E}.AppStore|iPhoneSimulator.Deploy.0 = Release|Any CPU
		{742547B1-883A-4BBC-A9B7-01C895F8C09E}.Debug|Any CPU.ActiveCfg = Debug|Any CPU
		{742547B1-883A-4BBC-A9B7-01C895F8C09E}.Debug|Any CPU.Build.0 = Debug|Any CPU
		{742547B1-883A-4BBC-A9B7-01C895F8C09E}.Debug|Any CPU.Deploy.0 = Debug|Any CPU
		{742547B1-883A-4BBC-A9B7-01C895F8C09E}.Debug|iPhone.ActiveCfg = Debug|Any CPU
		{742547B1-883A-4BBC-A9B7-01C895F8C09E}.Debug|iPhone.Build.0 = Debug|Any CPU
		{742547B1-883A-4BBC-A9B7-01C895F8C09E}.Debug|iPhone.Deploy.0 = Debug|Any CPU
		{742547B1-883A-4BBC-A9B7-01C895F8C09E}.Debug|iPhoneSimulator.ActiveCfg = Debug|Any CPU
		{742547B1-883A-4BBC-A9B7-01C895F8C09E}.Debug|iPhoneSimulator.Build.0 = Debug|Any CPU
		{742547B1-883A-4BBC-A9B7-01C895F8C09E}.Debug|iPhoneSimulator.Deploy.0 = Debug|Any CPU
		{742547B1-883A-4BBC-A9B7-01C895F8C09E}.Release|Any CPU.ActiveCfg = Release|Any CPU
		{742547B1-883A-4BBC-A9B7-01C895F8C09E}.Release|Any CPU.Build.0 = Release|Any CPU
		{742547B1-883A-4BBC-A9B7-01C895F8C09E}.Release|Any CPU.Deploy.0 = Release|Any CPU
		{742547B1-883A-4BBC-A9B7-01C895F8C09E}.Release|iPhone.ActiveCfg = Release|Any CPU
		{742547B1-883A-4BBC-A9B7-01C895F8C09E}.Release|iPhone.Build.0 = Release|Any CPU
		{742547B1-883A-4BBC-A9B7-01C895F8C09E}.Release|iPhone.Deploy.0 = Release|Any CPU
		{742547B1-883A-4BBC-A9B7-01C895F8C09E}.Release|iPhoneSimulator.ActiveCfg = Release|Any CPU
		{742547B1-883A-4BBC-A9B7-01C895F8C09E}.Release|iPhoneSimulator.Build.0 = Release|Any CPU
		{742547B1-883A-4BBC-A9B7-01C895F8C09E}.Release|iPhoneSimulator.Deploy.0 = Release|Any CPU
		{751EE44A-E3A7-4AA9-BF2B-984CD599356B}.Ad-Hoc|Any CPU.ActiveCfg = Ad-Hoc|iPhone
		{751EE44A-E3A7-4AA9-BF2B-984CD599356B}.Ad-Hoc|iPhone.ActiveCfg = Ad-Hoc|iPhone
		{751EE44A-E3A7-4AA9-BF2B-984CD599356B}.Ad-Hoc|iPhone.Build.0 = Ad-Hoc|iPhone
		{751EE44A-E3A7-4AA9-BF2B-984CD599356B}.Ad-Hoc|iPhoneSimulator.ActiveCfg = Ad-Hoc|iPhoneSimulator
		{751EE44A-E3A7-4AA9-BF2B-984CD599356B}.Ad-Hoc|iPhoneSimulator.Build.0 = Ad-Hoc|iPhoneSimulator
		{751EE44A-E3A7-4AA9-BF2B-984CD599356B}.AppStore|Any CPU.ActiveCfg = AppStore|iPhone
		{751EE44A-E3A7-4AA9-BF2B-984CD599356B}.AppStore|iPhone.ActiveCfg = AppStore|iPhone
		{751EE44A-E3A7-4AA9-BF2B-984CD599356B}.AppStore|iPhone.Build.0 = AppStore|iPhone
		{751EE44A-E3A7-4AA9-BF2B-984CD599356B}.AppStore|iPhoneSimulator.ActiveCfg = AppStore|iPhoneSimulator
		{751EE44A-E3A7-4AA9-BF2B-984CD599356B}.AppStore|iPhoneSimulator.Build.0 = AppStore|iPhoneSimulator
		{751EE44A-E3A7-4AA9-BF2B-984CD599356B}.Debug|Any CPU.ActiveCfg = Debug|iPhone
		{751EE44A-E3A7-4AA9-BF2B-984CD599356B}.Debug|iPhone.ActiveCfg = Debug|iPhone
		{751EE44A-E3A7-4AA9-BF2B-984CD599356B}.Debug|iPhone.Build.0 = Debug|iPhone
		{751EE44A-E3A7-4AA9-BF2B-984CD599356B}.Debug|iPhoneSimulator.ActiveCfg = Debug|iPhoneSimulator
		{751EE44A-E3A7-4AA9-BF2B-984CD599356B}.Debug|iPhoneSimulator.Build.0 = Debug|iPhoneSimulator
		{751EE44A-E3A7-4AA9-BF2B-984CD599356B}.Release|Any CPU.ActiveCfg = Release|iPhone
		{751EE44A-E3A7-4AA9-BF2B-984CD599356B}.Release|iPhone.ActiveCfg = Release|iPhone
		{751EE44A-E3A7-4AA9-BF2B-984CD599356B}.Release|iPhone.Build.0 = Release|iPhone
		{751EE44A-E3A7-4AA9-BF2B-984CD599356B}.Release|iPhoneSimulator.ActiveCfg = Release|iPhoneSimulator
		{751EE44A-E3A7-4AA9-BF2B-984CD599356B}.Release|iPhoneSimulator.Build.0 = Release|iPhoneSimulator
	EndGlobalSection
	GlobalSection(SolutionProperties) = preSolution
		HideSolutionNode = FALSE
	EndGlobalSection
	GlobalSection(ExtensibilityGlobals) = postSolution
		SolutionGuid = {80235BD3-7568-45AA-8E2C-CB12F5F9C75D}
	EndGlobalSection
EndGlobal
